
Microsoft Visual Studio Solution File, Format Version 12.00
# Visual Studio 15
VisualStudioVersion = 15.0.28307.106
MinimumVisualStudioVersion = 10.0.40219.1
Project("{FAE04EC0-301F-11D3-BF4B-00C04F79EFBC}") = "Lab", "Lab\Lab.csproj", "{EBD14C84-201C-4390-9BAB-2375352F19DA}"
EndProject
Global
	GlobalSection(SolutionConfigurationPlatforms) = preSolution
		Debug|Any CPU = Debug|Any CPU
		Release|Any CPU = Release|Any CPU
	EndGlobalSection
	GlobalSection(ProjectConfigurationPlatforms) = postSolution
		{EBD14C84-201C-4390-9BAB-2375352F19DA}.Debug|Any CPU.ActiveCfg = Debug|Any CPU
		{EBD14C84-201C-4390-9BAB-2375352F19DA}.Debug|Any CPU.Build.0 = Debug|Any CPU
		{EBD14C84-201C-4390-9BAB-2375352F19DA}.Release|Any CPU.ActiveCfg = Release|Any CPU
		{EBD14C84-201C-4390-9BAB-2375352F19DA}.Release|Any CPU.Build.0 = Release|Any CPU
	EndGlobalSection
	GlobalSection(SolutionProperties) = preSolution
		HideSolutionNode = FALSE
	EndGlobalSection
	GlobalSection(ExtensibilityGlobals) = postSolution
		SolutionGuid = {CD1695BF-F0A2-4851-9938-9105D3E41718}
	EndGlobalSection
EndGlobal
