
Microsoft Visual Studio Solution File, Format Version 12.00
# Visual Studio 15
VisualStudioVersion = 15.0.28010.2036
MinimumVisualStudioVersion = 10.0.40219.1
Project("{FAE04EC0-301F-11D3-BF4B-00C04F79EFBC}") = "StorageMaster", "StartUp\StorageMaster.csproj", "{72114AD9-4F65-4462-A258-324DF6AF2505}"
EndProject
Global
	GlobalSection(SolutionConfigurationPlatforms) = preSolution
		Debug|Any CPU = Debug|Any CPU
		Release|Any CPU = Release|Any CPU
	EndGlobalSection
	GlobalSection(ProjectConfigurationPlatforms) = postSolution
		{72114AD9-4F65-4462-A258-324DF6AF2505}.Debug|Any CPU.ActiveCfg = Debug|Any CPU
		{72114AD9-4F65-4462-A258-324DF6AF2505}.Debug|Any CPU.Build.0 = Debug|Any CPU
		{72114AD9-4F65-4462-A258-324DF6AF2505}.Release|Any CPU.ActiveCfg = Release|Any CPU
		{72114AD9-4F65-4462-A258-324DF6AF2505}.Release|Any CPU.Build.0 = Release|Any CPU
	EndGlobalSection
	GlobalSection(SolutionProperties) = preSolution
		HideSolutionNode = FALSE
	EndGlobalSection
	GlobalSection(ExtensibilityGlobals) = postSolution
		SolutionGuid = {C1A5927C-C456-4395-9291-05F675F8D750}
	EndGlobalSection
EndGlobal
