
Microsoft Visual Studio Solution File, Format Version 12.00
# Visual Studio 15
VisualStudioVersion = 15.0.28307.136
MinimumVisualStudioVersion = 10.0.40219.1
Project("{FAE04EC0-301F-11D3-BF4B-00C04F79EFBC}") = "P01_BillsPaymentSystem", "P01_BillsPaymentSystem\P01_BillsPaymentSystem.csproj", "{91BC3FE4-016C-4CB6-9371-0097ABD503AD}"
EndProject
Project("{FAE04EC0-301F-11D3-BF4B-00C04F79EFBC}") = "P01_BillsPaymentSystem.Data", "P01_BillsPaymentSystem.Data\P01_BillsPaymentSystem.Data.csproj", "{5247E3C9-EB7B-4D2E-BD3E-0AFD910CB01C}"
EndProject
Project("{FAE04EC0-301F-11D3-BF4B-00C04F79EFBC}") = "P01_BillsPaymentSystem.Data.Models", "P01_BillsPaymentSystem.Data.Models\P01_BillsPaymentSystem.Data.Models.csproj", "{B4A8FD5A-EA3C-4F58-BDA7-27190FE07263}"
EndProject
Global
	GlobalSection(SolutionConfigurationPlatforms) = preSolution
		Debug|Any CPU = Debug|Any CPU
		Release|Any CPU = Release|Any CPU
	EndGlobalSection
	GlobalSection(ProjectConfigurationPlatforms) = postSolution
		{91BC3FE4-016C-4CB6-9371-0097ABD503AD}.Debug|Any CPU.ActiveCfg = Debug|Any CPU
		{91BC3FE4-016C-4CB6-9371-0097ABD503AD}.Debug|Any CPU.Build.0 = Debug|Any CPU
		{91BC3FE4-016C-4CB6-9371-0097ABD503AD}.Release|Any CPU.ActiveCfg = Release|Any CPU
		{91BC3FE4-016C-4CB6-9371-0097ABD503AD}.Release|Any CPU.Build.0 = Release|Any CPU
		{5247E3C9-EB7B-4D2E-BD3E-0AFD910CB01C}.Debug|Any CPU.ActiveCfg = Debug|Any CPU
		{5247E3C9-EB7B-4D2E-BD3E-0AFD910CB01C}.Debug|Any CPU.Build.0 = Debug|Any CPU
		{5247E3C9-EB7B-4D2E-BD3E-0AFD910CB01C}.Release|Any CPU.ActiveCfg = Release|Any CPU
		{5247E3C9-EB7B-4D2E-BD3E-0AFD910CB01C}.Release|Any CPU.Build.0 = Release|Any CPU
		{B4A8FD5A-EA3C-4F58-BDA7-27190FE07263}.Debug|Any CPU.ActiveCfg = Debug|Any CPU
		{B4A8FD5A-EA3C-4F58-BDA7-27190FE07263}.Debug|Any CPU.Build.0 = Debug|Any CPU
		{B4A8FD5A-EA3C-4F58-BDA7-27190FE07263}.Release|Any CPU.ActiveCfg = Release|Any CPU
		{B4A8FD5A-EA3C-4F58-BDA7-27190FE07263}.Release|Any CPU.Build.0 = Release|Any CPU
	EndGlobalSection
	GlobalSection(SolutionProperties) = preSolution
		HideSolutionNode = FALSE
	EndGlobalSection
	GlobalSection(ExtensibilityGlobals) = postSolution
		SolutionGuid = {A073C3EE-CA59-46F7-A2B7-BCF6F17485DB}
	EndGlobalSection
EndGlobal
