
Microsoft Visual Studio Solution File, Format Version 12.00
# Visual Studio 15
VisualStudioVersion = 15.0.28307.106
MinimumVisualStudioVersion = 10.0.40219.1
Project("{9A19103F-16F7-4668-BE54-9A1E7A4F7556}") = "01. IntroductionToEntityFramework", "01. IntroductionToEntityFramework.csproj", "{3CE6B243-B630-4545-B122-55B747C4D5D8}"
EndProject
Project("{9A19103F-16F7-4668-BE54-9A1E7A4F7556}") = "02. SalaryOver50", "..\02. SalaryOver50\02. SalaryOver50.csproj", "{38668370-DCF7-4C79-832E-A31282EBF232}"
EndProject
Project("{9A19103F-16F7-4668-BE54-9A1E7A4F7556}") = "03. EmployeesResDev", "..\03. EmployeesResDev\03. EmployeesResDev.csproj", "{D4519816-A140-4A62-825B-B2D6C5BD8A9B}"
EndProject
Project("{9A19103F-16F7-4668-BE54-9A1E7A4F7556}") = "04. AddNewAddresAndUpdateEmp", "..\04. AddNewAddresAndUpdateEmp\04. AddNewAddresAndUpdateEmp.csproj", "{3BB6541E-9D49-44FE-9441-DBBCCAC995A6}"
EndProject
Project("{9A19103F-16F7-4668-BE54-9A1E7A4F7556}") = "05.EmployeesAndProjects", "..\05.EmployeesAndProjects\05.EmployeesAndProjects.csproj", "{83E7EA6B-20B4-47AE-981A-3883F46595F9}"
EndProject
Project("{9A19103F-16F7-4668-BE54-9A1E7A4F7556}") = "06.AddressesByTown", "..\06.AddressesByTown\06.AddressesByTown.csproj", "{D985581C-7F42-4FE5-9E6F-17434714DA76}"
EndProject
Project("{9A19103F-16F7-4668-BE54-9A1E7A4F7556}") = "07.Employee147", "..\07.Employee147\07.Employee147.csproj", "{488CD135-2B73-4246-89DC-09CD6E61B3AD}"
EndProject
Project("{FAE04EC0-301F-11D3-BF4B-00C04F79EFBC}") = "08.DepartmentsWithMoreThan5Emp", "..\10.DepartmentsWithMoreThan5Emp\08.DepartmentsWithMoreThan5Emp.csproj", "{FF12F2CF-AA24-42CF-871C-DF70FB60E91C}"
EndProject
Project("{FAE04EC0-301F-11D3-BF4B-00C04F79EFBC}") = "09.FindLatest10Projects", "..\09.FindLatest10Projects\09.FindLatest10Projects.csproj", "{525A9129-4C3D-461B-AFA8-730F6354761F}"
EndProject
Project("{FAE04EC0-301F-11D3-BF4B-00C04F79EFBC}") = "10,IncreaseSalarries", "..\10,IncreaseSalarries\10,IncreaseSalarries.csproj", "{69C44B5F-6533-4DDE-ACC6-E5FF484CC576}"
EndProject
Project("{FAE04EC0-301F-11D3-BF4B-00C04F79EFBC}") = "11.FindEmployeesByFirstName", "..\11.FindEmployeesByFirstName\11.FindEmployeesByFirstName.csproj", "{71453AEC-0499-474F-B436-86451401D144}"
EndProject
Project("{FAE04EC0-301F-11D3-BF4B-00C04F79EFBC}") = "12.DeleteProjectById", "..\ConsoleApp1\12.DeleteProjectById.csproj", "{8309AA0D-77ED-4AD8-896A-5C7040326AA3}"
EndProject
Global
	GlobalSection(SolutionConfigurationPlatforms) = preSolution
		Debug|Any CPU = Debug|Any CPU
		Release|Any CPU = Release|Any CPU
	EndGlobalSection
	GlobalSection(ProjectConfigurationPlatforms) = postSolution
		{3CE6B243-B630-4545-B122-55B747C4D5D8}.Debug|Any CPU.ActiveCfg = Debug|Any CPU
		{3CE6B243-B630-4545-B122-55B747C4D5D8}.Debug|Any CPU.Build.0 = Debug|Any CPU
		{3CE6B243-B630-4545-B122-55B747C4D5D8}.Release|Any CPU.ActiveCfg = Release|Any CPU
		{3CE6B243-B630-4545-B122-55B747C4D5D8}.Release|Any CPU.Build.0 = Release|Any CPU
		{38668370-DCF7-4C79-832E-A31282EBF232}.Debug|Any CPU.ActiveCfg = Debug|Any CPU
		{38668370-DCF7-4C79-832E-A31282EBF232}.Debug|Any CPU.Build.0 = Debug|Any CPU
		{38668370-DCF7-4C79-832E-A31282EBF232}.Release|Any CPU.ActiveCfg = Release|Any CPU
		{38668370-DCF7-4C79-832E-A31282EBF232}.Release|Any CPU.Build.0 = Release|Any CPU
		{D4519816-A140-4A62-825B-B2D6C5BD8A9B}.Debug|Any CPU.ActiveCfg = Debug|Any CPU
		{D4519816-A140-4A62-825B-B2D6C5BD8A9B}.Debug|Any CPU.Build.0 = Debug|Any CPU
		{D4519816-A140-4A62-825B-B2D6C5BD8A9B}.Release|Any CPU.ActiveCfg = Release|Any CPU
		{D4519816-A140-4A62-825B-B2D6C5BD8A9B}.Release|Any CPU.Build.0 = Release|Any CPU
		{3BB6541E-9D49-44FE-9441-DBBCCAC995A6}.Debug|Any CPU.ActiveCfg = Debug|Any CPU
		{3BB6541E-9D49-44FE-9441-DBBCCAC995A6}.Debug|Any CPU.Build.0 = Debug|Any CPU
		{3BB6541E-9D49-44FE-9441-DBBCCAC995A6}.Release|Any CPU.ActiveCfg = Release|Any CPU
		{3BB6541E-9D49-44FE-9441-DBBCCAC995A6}.Release|Any CPU.Build.0 = Release|Any CPU
		{83E7EA6B-20B4-47AE-981A-3883F46595F9}.Debug|Any CPU.ActiveCfg = Debug|Any CPU
		{83E7EA6B-20B4-47AE-981A-3883F46595F9}.Debug|Any CPU.Build.0 = Debug|Any CPU
		{83E7EA6B-20B4-47AE-981A-3883F46595F9}.Release|Any CPU.ActiveCfg = Release|Any CPU
		{83E7EA6B-20B4-47AE-981A-3883F46595F9}.Release|Any CPU.Build.0 = Release|Any CPU
		{D985581C-7F42-4FE5-9E6F-17434714DA76}.Debug|Any CPU.ActiveCfg = Debug|Any CPU
		{D985581C-7F42-4FE5-9E6F-17434714DA76}.Debug|Any CPU.Build.0 = Debug|Any CPU
		{D985581C-7F42-4FE5-9E6F-17434714DA76}.Release|Any CPU.ActiveCfg = Release|Any CPU
		{D985581C-7F42-4FE5-9E6F-17434714DA76}.Release|Any CPU.Build.0 = Release|Any CPU
		{488CD135-2B73-4246-89DC-09CD6E61B3AD}.Debug|Any CPU.ActiveCfg = Debug|Any CPU
		{488CD135-2B73-4246-89DC-09CD6E61B3AD}.Debug|Any CPU.Build.0 = Debug|Any CPU
		{488CD135-2B73-4246-89DC-09CD6E61B3AD}.Release|Any CPU.ActiveCfg = Release|Any CPU
		{488CD135-2B73-4246-89DC-09CD6E61B3AD}.Release|Any CPU.Build.0 = Release|Any CPU
		{FF12F2CF-AA24-42CF-871C-DF70FB60E91C}.Debug|Any CPU.ActiveCfg = Debug|Any CPU
		{FF12F2CF-AA24-42CF-871C-DF70FB60E91C}.Debug|Any CPU.Build.0 = Debug|Any CPU
		{FF12F2CF-AA24-42CF-871C-DF70FB60E91C}.Release|Any CPU.ActiveCfg = Release|Any CPU
		{FF12F2CF-AA24-42CF-871C-DF70FB60E91C}.Release|Any CPU.Build.0 = Release|Any CPU
		{525A9129-4C3D-461B-AFA8-730F6354761F}.Debug|Any CPU.ActiveCfg = Debug|Any CPU
		{525A9129-4C3D-461B-AFA8-730F6354761F}.Debug|Any CPU.Build.0 = Debug|Any CPU
		{525A9129-4C3D-461B-AFA8-730F6354761F}.Release|Any CPU.ActiveCfg = Release|Any CPU
		{525A9129-4C3D-461B-AFA8-730F6354761F}.Release|Any CPU.Build.0 = Release|Any CPU
		{69C44B5F-6533-4DDE-ACC6-E5FF484CC576}.Debug|Any CPU.ActiveCfg = Debug|Any CPU
		{69C44B5F-6533-4DDE-ACC6-E5FF484CC576}.Debug|Any CPU.Build.0 = Debug|Any CPU
		{69C44B5F-6533-4DDE-ACC6-E5FF484CC576}.Release|Any CPU.ActiveCfg = Release|Any CPU
		{69C44B5F-6533-4DDE-ACC6-E5FF484CC576}.Release|Any CPU.Build.0 = Release|Any CPU
		{71453AEC-0499-474F-B436-86451401D144}.Debug|Any CPU.ActiveCfg = Debug|Any CPU
		{71453AEC-0499-474F-B436-86451401D144}.Debug|Any CPU.Build.0 = Debug|Any CPU
		{71453AEC-0499-474F-B436-86451401D144}.Release|Any CPU.ActiveCfg = Release|Any CPU
		{71453AEC-0499-474F-B436-86451401D144}.Release|Any CPU.Build.0 = Release|Any CPU
		{8309AA0D-77ED-4AD8-896A-5C7040326AA3}.Debug|Any CPU.ActiveCfg = Debug|Any CPU
		{8309AA0D-77ED-4AD8-896A-5C7040326AA3}.Debug|Any CPU.Build.0 = Debug|Any CPU
		{8309AA0D-77ED-4AD8-896A-5C7040326AA3}.Release|Any CPU.ActiveCfg = Release|Any CPU
		{8309AA0D-77ED-4AD8-896A-5C7040326AA3}.Release|Any CPU.Build.0 = Release|Any CPU
	EndGlobalSection
	GlobalSection(SolutionProperties) = preSolution
		HideSolutionNode = FALSE
	EndGlobalSection
	GlobalSection(ExtensibilityGlobals) = postSolution
		SolutionGuid = {50A74ACC-2339-4932-8ECB-16EA2D5C1271}
	EndGlobalSection
EndGlobal
