
Microsoft Visual Studio Solution File, Format Version 12.00
# Visual Studio 15
VisualStudioVersion = 15.0.28307.106
MinimumVisualStudioVersion = 10.0.40219.1
Project("{FAE04EC0-301F-11D3-BF4B-00C04F79EFBC}") = "01. IntroductionToEntityFramework", "01. IntroductionToEntityFramework\01. IntroductionToEntityFramework.csproj", "{4CABCCA6-AACD-4404-8710-CD8E94FD6A30}"
EndProject
Global
	GlobalSection(SolutionConfigurationPlatforms) = preSolution
		Debug|Any CPU = Debug|Any CPU
		Release|Any CPU = Release|Any CPU
	EndGlobalSection
	GlobalSection(ProjectConfigurationPlatforms) = postSolution
		{4CABCCA6-AACD-4404-8710-CD8E94FD6A30}.Debug|Any CPU.ActiveCfg = Debug|Any CPU
		{4CABCCA6-AACD-4404-8710-CD8E94FD6A30}.Debug|Any CPU.Build.0 = Debug|Any CPU
		{4CABCCA6-AACD-4404-8710-CD8E94FD6A30}.Release|Any CPU.ActiveCfg = Release|Any CPU
		{4CABCCA6-AACD-4404-8710-CD8E94FD6A30}.Release|Any CPU.Build.0 = Release|Any CPU
	EndGlobalSection
	GlobalSection(SolutionProperties) = preSolution
		HideSolutionNode = FALSE
	EndGlobalSection
	GlobalSection(ExtensibilityGlobals) = postSolution
		SolutionGuid = {0C201CCC-25C6-495C-9ABB-A2CFE24E3A90}
	EndGlobalSection
EndGlobal
