
Microsoft Visual Studio Solution File, Format Version 12.00
# Visual Studio 15
VisualStudioVersion = 15.0.28010.2036
MinimumVisualStudioVersion = 10.0.40219.1
Project("{9A19103F-16F7-4668-BE54-9A1E7A4F7556}") = "Lab", "Lab\Lab.csproj", "{E23FC12D-B663-42AB-A3F4-7FDA6E504F8B}"
EndProject
Project("{9A19103F-16F7-4668-BE54-9A1E7A4F7556}") = "01.HarvestingFields", "01.HarvestingFields\01.HarvestingFields.csproj", "{A63C77DA-33B2-4186-BD1D-56D4B23D51A9}"
EndProject
Project("{9A19103F-16F7-4668-BE54-9A1E7A4F7556}") = "LabCustomAttribute", "LabCustomAttribute\LabCustomAttribute.csproj", "{9D201C46-9066-41B6-B57A-ACFB3988ED93}"
EndProject
Project("{9A19103F-16F7-4668-BE54-9A1E7A4F7556}") = "02.BlackBox", "02.BlackBox\02.BlackBox.csproj", "{92EAEFEE-3018-48B1-BD91-EC6718119F88}"
EndProject
Project("{9A19103F-16F7-4668-BE54-9A1E7A4F7556}") = "03.BarrackWars", "03.BarrackWars\03.BarrackWars.csproj", "{BE237E4C-7DA2-4199-B4B0-E65E3E1A2EDC}"
EndProject
Project("{9A19103F-16F7-4668-BE54-9A1E7A4F7556}") = "04.TrafficLight", "04.TrafficLight\04.TrafficLight.csproj", "{1E12CAB5-7900-4325-AD68-0A6A37B6BC0C}"
EndProject
Project("{FAE04EC0-301F-11D3-BF4B-00C04F79EFBC}") = "05.InfernoInfinity", "05.InfernoInfinity\05.InfernoInfinity.csproj", "{731BCDE9-AE13-4AB0-BC2F-95F24314C6DA}"
EndProject
Global
	GlobalSection(SolutionConfigurationPlatforms) = preSolution
		Debug|Any CPU = Debug|Any CPU
		Release|Any CPU = Release|Any CPU
	EndGlobalSection
	GlobalSection(ProjectConfigurationPlatforms) = postSolution
		{E23FC12D-B663-42AB-A3F4-7FDA6E504F8B}.Debug|Any CPU.ActiveCfg = Debug|Any CPU
		{E23FC12D-B663-42AB-A3F4-7FDA6E504F8B}.Debug|Any CPU.Build.0 = Debug|Any CPU
		{E23FC12D-B663-42AB-A3F4-7FDA6E504F8B}.Release|Any CPU.ActiveCfg = Release|Any CPU
		{E23FC12D-B663-42AB-A3F4-7FDA6E504F8B}.Release|Any CPU.Build.0 = Release|Any CPU
		{A63C77DA-33B2-4186-BD1D-56D4B23D51A9}.Debug|Any CPU.ActiveCfg = Debug|Any CPU
		{A63C77DA-33B2-4186-BD1D-56D4B23D51A9}.Debug|Any CPU.Build.0 = Debug|Any CPU
		{A63C77DA-33B2-4186-BD1D-56D4B23D51A9}.Release|Any CPU.ActiveCfg = Release|Any CPU
		{A63C77DA-33B2-4186-BD1D-56D4B23D51A9}.Release|Any CPU.Build.0 = Release|Any CPU
		{9D201C46-9066-41B6-B57A-ACFB3988ED93}.Debug|Any CPU.ActiveCfg = Debug|Any CPU
		{9D201C46-9066-41B6-B57A-ACFB3988ED93}.Debug|Any CPU.Build.0 = Debug|Any CPU
		{9D201C46-9066-41B6-B57A-ACFB3988ED93}.Release|Any CPU.ActiveCfg = Release|Any CPU
		{9D201C46-9066-41B6-B57A-ACFB3988ED93}.Release|Any CPU.Build.0 = Release|Any CPU
		{92EAEFEE-3018-48B1-BD91-EC6718119F88}.Debug|Any CPU.ActiveCfg = Debug|Any CPU
		{92EAEFEE-3018-48B1-BD91-EC6718119F88}.Debug|Any CPU.Build.0 = Debug|Any CPU
		{92EAEFEE-3018-48B1-BD91-EC6718119F88}.Release|Any CPU.ActiveCfg = Release|Any CPU
		{92EAEFEE-3018-48B1-BD91-EC6718119F88}.Release|Any CPU.Build.0 = Release|Any CPU
		{BE237E4C-7DA2-4199-B4B0-E65E3E1A2EDC}.Debug|Any CPU.ActiveCfg = Debug|Any CPU
		{BE237E4C-7DA2-4199-B4B0-E65E3E1A2EDC}.Debug|Any CPU.Build.0 = Debug|Any CPU
		{BE237E4C-7DA2-4199-B4B0-E65E3E1A2EDC}.Release|Any CPU.ActiveCfg = Release|Any CPU
		{BE237E4C-7DA2-4199-B4B0-E65E3E1A2EDC}.Release|Any CPU.Build.0 = Release|Any CPU
		{1E12CAB5-7900-4325-AD68-0A6A37B6BC0C}.Debug|Any CPU.ActiveCfg = Debug|Any CPU
		{1E12CAB5-7900-4325-AD68-0A6A37B6BC0C}.Debug|Any CPU.Build.0 = Debug|Any CPU
		{1E12CAB5-7900-4325-AD68-0A6A37B6BC0C}.Release|Any CPU.ActiveCfg = Release|Any CPU
		{1E12CAB5-7900-4325-AD68-0A6A37B6BC0C}.Release|Any CPU.Build.0 = Release|Any CPU
		{731BCDE9-AE13-4AB0-BC2F-95F24314C6DA}.Debug|Any CPU.ActiveCfg = Debug|Any CPU
		{731BCDE9-AE13-4AB0-BC2F-95F24314C6DA}.Debug|Any CPU.Build.0 = Debug|Any CPU
		{731BCDE9-AE13-4AB0-BC2F-95F24314C6DA}.Release|Any CPU.ActiveCfg = Release|Any CPU
		{731BCDE9-AE13-4AB0-BC2F-95F24314C6DA}.Release|Any CPU.Build.0 = Release|Any CPU
	EndGlobalSection
	GlobalSection(SolutionProperties) = preSolution
		HideSolutionNode = FALSE
	EndGlobalSection
	GlobalSection(ExtensibilityGlobals) = postSolution
		SolutionGuid = {0B71BDBB-BDDA-48EB-B770-8538B42BEA54}
	EndGlobalSection
EndGlobal
